# This file is @generated by PDM.
# It is not intended for manual editing.

[metadata]
groups = ["default"]
strategy = ["inherit_metadata"]
lock_version = "4.5.0"
content_hash = "sha256:b5b99c934e71ec24a8d3c7844404921dc91d48bf9e1f6c020adabc31cf87d02d"

[[metadata.targets]]
requires_python = "==3.9.*"

[[package]]
name = "annotated-types"
version = "0.7.0"
requires_python = ">=3.8"
summary = "Reusable constraint types to use with typing.Annotated"
groups = ["default"]
dependencies = [
    "typing-extensions>=4.0.0; python_version < \"3.9\"",
]
files = [
    {file = "annotated_types-0.7.0-py3-none-any.whl", hash = "sha256:1f02e8b43a8fbbc3f3e0d4f0f4bfc8131bcb4eebe8849b8e5c773f3a1c582a53"},
    {file = "annotated_types-0.7.0.tar.gz", hash = "sha256:aff07c09a53a08bc8cfccb9c85b05f1aa9a2a6f23728d790723543408344ce89"},
]

[[package]]
name = "anyio"
version = "4.9.0"
requires_python = ">=3.9"
summary = "High level compatibility layer for multiple asynchronous event loop implementations"
groups = ["default"]
dependencies = [
    "exceptiongroup>=1.0.2; python_version < \"3.11\"",
    "idna>=2.8",
    "sniffio>=1.1",
    "typing-extensions>=4.5; python_version < \"3.13\"",
]
files = [
    {file = "anyio-4.9.0-py3-none-any.whl", hash = "sha256:9f76d541cad6e36af7beb62e978876f3b41e3e04f2c1fbf0884604c0a9c4d93c"},
    {file = "anyio-4.9.0.tar.gz", hash = "sha256:673c0c244e15788651a4ff38710fea9675823028a6f08a5eda409e0c9840a028"},
]

[[package]]
name = "boto3"
version = "1.37.31"
requires_python = ">=3.8"
summary = "The AWS SDK for Python"
groups = ["default"]
dependencies = [
    "botocore<1.38.0,>=1.37.31",
    "jmespath<2.0.0,>=0.7.1",
    "s3transfer<0.12.0,>=0.11.0",
]
files = [
    {file = "boto3-1.37.31-py3-none-any.whl", hash = "sha256:cf8997be0742a5cab9d33a138ef56e423a8ebd8881f6f73e95076b26656b36dc"},
    {file = "boto3-1.37.31.tar.gz", hash = "sha256:dfee02b2f8f632a239a2f4ba6a2d568e2edd7f7464e9afd8a487fdb3fa9a0ad3"},
]

[[package]]
name = "boto3-stubs"
version = "1.37.31"
requires_python = ">=3.8"
summary = "Type annotations for boto3 1.37.31 generated with mypy-boto3-builder 8.10.1"
groups = ["default"]
dependencies = [
    "botocore-stubs",
    "types-s3transfer",
    "typing-extensions>=4.1.0; python_version < \"3.12\"",
]
files = [
    {file = "boto3_stubs-1.37.31-py3-none-any.whl", hash = "sha256:356d5af1e3d8aba5d8068492f11426ee9f41d0a799c099ec548be13462337632"},
    {file = "boto3_stubs-1.37.31.tar.gz", hash = "sha256:ab2e8f7877fddb97f50f4712f3e6ffafa0b20fbc6a1ac7019400d3b2261936cb"},
]

[[package]]
name = "botocore"
version = "1.37.31"
requires_python = ">=3.8"
summary = "Low-level, data-driven core of boto 3."
groups = ["default"]
dependencies = [
    "jmespath<2.0.0,>=0.7.1",
    "python-dateutil<3.0.0,>=2.1",
    "urllib3!=2.2.0,<3,>=1.25.4; python_version >= \"3.10\"",
    "urllib3<1.27,>=1.25.4; python_version < \"3.10\"",
]
files = [
    {file = "botocore-1.37.31-py3-none-any.whl", hash = "sha256:598a33a7a0e5a014bd1416c999a0b9c634fbbba3d1363e2368e6a92da4544df4"},
    {file = "botocore-1.37.31.tar.gz", hash = "sha256:eb3dfa44a87187bd82c3b493d568d8436270d4d000f237b49b669a01fcd8a21c"},
]

[[package]]
name = "botocore-stubs"
version = "1.37.29"
requires_python = ">=3.8"
summary = "Type annotations and code completion for botocore"
groups = ["default"]
dependencies = [
    "types-awscrt",
]
files = [
    {file = "botocore_stubs-1.37.29-py3-none-any.whl", hash = "sha256:923127abb5fac0b8b0f11837a4641f2863bb4398b5bd6b11d1604134966c4bb6"},
    {file = "botocore_stubs-1.37.29.tar.gz", hash = "sha256:c59898bf1d09bf6a9f491f4705c5696e74b83156b766aa1716867f11b8a04ea1"},
]

[[package]]
name = "click"
version = "8.1.8"
requires_python = ">=3.7"
summary = "Composable command line interface toolkit"
groups = ["default"]
dependencies = [
    "colorama; platform_system == \"Windows\"",
    "importlib-metadata; python_version < \"3.8\"",
]
files = [
    {file = "click-8.1.8-py3-none-any.whl", hash = "sha256:63c132bbbed01578a06712a2d1f497bb62d9c1c0d329b7903a866228027263b2"},
    {file = "click-8.1.8.tar.gz", hash = "sha256:ed53c9d8990d83c2a27deae68e4ee337473f6330c040a31d4225c9574d16096a"},
]

[[package]]
name = "colorama"
version = "0.4.6"
requires_python = "!=3.0.*,!=3.1.*,!=3.2.*,!=3.3.*,!=3.4.*,!=3.5.*,!=3.6.*,>=2.7"
summary = "Cross-platform colored terminal text."
groups = ["default"]
marker = "platform_system == \"Windows\""
files = [
    {file = "colorama-0.4.6-py2.py3-none-any.whl", hash = "sha256:4f1d9991f5acc0ca119f9d443620b77f9d6b33703e51011c16baf57afb285fc6"},
    {file = "colorama-0.4.6.tar.gz", hash = "sha256:08695f5cb7ed6e0531a20572697297273c47b8cae5a63ffc6d6ed5c201be6e44"},
]

[[package]]
name = "dotenv"
version = "0.9.9"
summary = "Deprecated package"
groups = ["default"]
dependencies = [
    "python-dotenv",
]
files = [
    {file = "dotenv-0.9.9-py2.py3-none-any.whl", hash = "sha256:29cf74a087b31dafdb5a446b6d7e11cbce8ed2741540e2339c69fbef92c94ce9"},
]

[[package]]
name = "exceptiongroup"
version = "1.2.2"
requires_python = ">=3.7"
summary = "Backport of PEP 654 (exception groups)"
groups = ["default"]
marker = "python_version < \"3.11\""
files = [
    {file = "exceptiongroup-1.2.2-py3-none-any.whl", hash = "sha256:3111b9d131c238bec2f8f516e123e14ba243563fb135d3fe885990585aa7795b"},
    {file = "exceptiongroup-1.2.2.tar.gz", hash = "sha256:47c2edf7c6738fafb49fd34290706d1a1a2f4d1c6df275526b62cbb4aa5393cc"},
]

[[package]]
name = "fastapi"
version = "0.115.12"
requires_python = ">=3.8"
summary = "FastAPI framework, high performance, easy to learn, fast to code, ready for production"
groups = ["default"]
dependencies = [
    "pydantic!=1.8,!=1.8.1,!=2.0.0,!=2.0.1,!=2.1.0,<3.0.0,>=1.7.4",
    "starlette<0.47.0,>=0.40.0",
    "typing-extensions>=4.8.0",
]
files = [
    {file = "fastapi-0.115.12-py3-none-any.whl", hash = "sha256:e94613d6c05e27be7ffebdd6ea5f388112e5e430c8f7d6494a9d1d88d43e814d"},
    {file = "fastapi-0.115.12.tar.gz", hash = "sha256:1e2c2a2646905f9e83d32f04a3f86aff4a286669c6c950ca95b5fd68c2602681"},
]

[[package]]
name = "graphene"
version = "3.4.3"
summary = "GraphQL Framework for Python"
groups = ["default"]
dependencies = [
    "graphql-core<3.3,>=3.1",
    "graphql-relay<3.3,>=3.1",
    "python-dateutil<3,>=2.7.0",
    "typing-extensions<5,>=4.7.1",
]
files = [
    {file = "graphene-3.4.3-py2.py3-none-any.whl", hash = "sha256:820db6289754c181007a150db1f7fff544b94142b556d12e3ebc777a7bf36c71"},
    {file = "graphene-3.4.3.tar.gz", hash = "sha256:2a3786948ce75fe7e078443d37f609cbe5bb36ad8d6b828740ad3b95ed1a0aaa"},
]

[[package]]
name = "graphene-sqlalchemy"
version = "2.1.0"
summary = "Graphene SQLAlchemy integration"
groups = ["default"]
dependencies = [
    "SQLAlchemy",
    "graphene>=2.1.3",
    "singledispatch>=3.4.0.3",
    "six>=1.10.0",
]
files = [
    {file = "graphene-sqlalchemy-2.1.0.tar.gz", hash = "sha256:8260a128f360eda5437147a3cb72809e267fa8e2464f9996ff95ddc47239dcec"},
    {file = "graphene_sqlalchemy-2.1.0-py2.py3-none-any.whl", hash = "sha256:5bfc93986c5e6001861e8cdfe33eeb5094ca1f30efde6822387e13070ec3ab82"},
]

[[package]]
name = "graphql-core"
version = "3.2.6"
requires_python = "<4,>=3.6"
summary = "GraphQL implementation for Python, a port of GraphQL.js, the JavaScript reference implementation for GraphQL."
groups = ["default"]
dependencies = [
    "typing-extensions<5,>=4; python_version < \"3.10\"",
]
files = [
    {file = "graphql_core-3.2.6-py3-none-any.whl", hash = "sha256:78b016718c161a6fb20a7d97bbf107f331cd1afe53e45566c59f776ed7f0b45f"},
    {file = "graphql_core-3.2.6.tar.gz", hash = "sha256:c08eec22f9e40f0bd61d805907e3b3b1b9a320bc606e23dc145eebca07c8fbab"},
]

[[package]]
name = "graphql-relay"
version = "3.2.0"
requires_python = ">=3.6,<4"
summary = "Relay library for graphql-core"
groups = ["default"]
dependencies = [
    "graphql-core<3.3,>=3.2",
    "typing-extensions<5,>=4.1; python_version < \"3.8\"",
]
files = [
    {file = "graphql-relay-3.2.0.tar.gz", hash = "sha256:1ff1c51298356e481a0be009ccdff249832ce53f30559c1338f22a0e0d17250c"},
    {file = "graphql_relay-3.2.0-py3-none-any.whl", hash = "sha256:c9b22bd28b170ba1fe674c74384a8ff30a76c8e26f88ac3aa1584dd3179953e5"},
]

[[package]]
name = "greenlet"
version = "3.1.1"
requires_python = ">=3.7"
summary = "Lightweight in-process concurrent programming"
groups = ["default"]
marker = "(platform_machine == \"win32\" or platform_machine == \"WIN32\" or platform_machine == \"AMD64\" or platform_machine == \"amd64\" or platform_machine == \"x86_64\" or platform_machine == \"ppc64le\" or platform_machine == \"aarch64\") and python_version < \"3.14\""
files = [
    {file = "greenlet-3.1.1-cp39-cp39-macosx_11_0_universal2.whl", hash = "sha256:396979749bd95f018296af156201d6211240e7a23090f50a8d5d18c370084dc3"},
    {file = "greenlet-3.1.1-cp39-cp39-manylinux_2_17_aarch64.manylinux2014_aarch64.whl", hash = "sha256:ca9d0ff5ad43e785350894d97e13633a66e2b50000e8a183a50a88d834752d42"},
    {file = "greenlet-3.1.1-cp39-cp39-manylinux_2_17_ppc64le.manylinux2014_ppc64le.whl", hash = "sha256:f6ff3b14f2df4c41660a7dec01045a045653998784bf8cfcb5a525bdffffbc8f"},
    {file = "greenlet-3.1.1-cp39-cp39-manylinux_2_17_s390x.manylinux2014_s390x.whl", hash = "sha256:94ebba31df2aa506d7b14866fed00ac141a867e63143fe5bca82a8e503b36437"},
    {file = "greenlet-3.1.1-cp39-cp39-manylinux_2_17_x86_64.manylinux2014_x86_64.whl", hash = "sha256:73aaad12ac0ff500f62cebed98d8789198ea0e6f233421059fa68a5aa7220145"},
    {file = "greenlet-3.1.1-cp39-cp39-manylinux_2_24_x86_64.manylinux_2_28_x86_64.whl", hash = "sha256:63e4844797b975b9af3a3fb8f7866ff08775f5426925e1e0bbcfe7932059a12c"},
    {file = "greenlet-3.1.1-cp39-cp39-musllinux_1_1_aarch64.whl", hash = "sha256:7939aa3ca7d2a1593596e7ac6d59391ff30281ef280d8632fa03d81f7c5f955e"},
    {file = "greenlet-3.1.1-cp39-cp39-musllinux_1_1_x86_64.whl", hash = "sha256:d0028e725ee18175c6e422797c407874da24381ce0690d6b9396c204c7f7276e"},
    {file = "greenlet-3.1.1-cp39-cp39-win32.whl", hash = "sha256:5e06afd14cbaf9e00899fae69b24a32f2196c19de08fcb9f4779dd4f004e5e7c"},
    {file = "greenlet-3.1.1-cp39-cp39-win_amd64.whl", hash = "sha256:3319aa75e0e0639bc15ff54ca327e8dc7a6fe404003496e3c6925cd3142e0e22"},
    {file = "greenlet-3.1.1.tar.gz", hash = "sha256:4ce3ac6cdb6adf7946475d7ef31777c26d94bccc377e070a7986bd2d5c515467"},
]

[[package]]
name = "h11"
version = "0.14.0"
requires_python = ">=3.7"
summary = "A pure-Python, bring-your-own-I/O implementation of HTTP/1.1"
groups = ["default"]
dependencies = [
    "typing-extensions; python_version < \"3.8\"",
]
files = [
    {file = "h11-0.14.0-py3-none-any.whl", hash = "sha256:e3fe4ac4b851c468cc8363d500db52c2ead036020723024a109d37346efaa761"},
    {file = "h11-0.14.0.tar.gz", hash = "sha256:8f19fbbe99e72420ff35c00b27a34cb9937e902a8b810e2c88300c6f0a3b699d"},
]

[[package]]
name = "idna"
version = "3.10"
requires_python = ">=3.6"
summary = "Internationalized Domain Names in Applications (IDNA)"
groups = ["default"]
files = [
    {file = "idna-3.10-py3-none-any.whl", hash = "sha256:946d195a0d259cbba61165e88e65941f16e9b36ea6ddb97f00452bae8b1287d3"},
    {file = "idna-3.10.tar.gz", hash = "sha256:12f65c9b470abda6dc35cf8e63cc574b1c52b11df2c86030af0ac09b01b13ea9"},
]

[[package]]
name = "jmespath"
version = "1.0.1"
requires_python = ">=3.7"
summary = "JSON Matching Expressions"
groups = ["default"]
files = [
    {file = "jmespath-1.0.1-py3-none-any.whl", hash = "sha256:02e2e4cc71b5bcab88332eebf907519190dd9e6e82107fa7f83b1003a6252980"},
    {file = "jmespath-1.0.1.tar.gz", hash = "sha256:90261b206d6defd58fdd5e85f478bf633a2901798906be2ad389150c5c60edbe"},
]

[[package]]
name = "mypy-boto3-dynamodb"
version = "1.37.31"
requires_python = ">=3.8"
summary = "Type annotations for boto3 DynamoDB 1.37.31 service generated with mypy-boto3-builder 8.10.1"
groups = ["default"]
dependencies = [
    "typing-extensions; python_version < \"3.12\"",
]
files = [
    {file = "mypy_boto3_dynamodb-1.37.31-py3-none-any.whl", hash = "sha256:7721f03bdf9baa150110021593b4f28037967cef82c88881862a7eaf458a4c6a"},
    {file = "mypy_boto3_dynamodb-1.37.31.tar.gz", hash = "sha256:4d87b6a85059aab080cb068a2c6512584e424db92280ef9ab39134b178043982"},
]

[[package]]
name = "pydantic"
version = "2.11.3"
requires_python = ">=3.9"
summary = "Data validation using Python type hints"
groups = ["default"]
dependencies = [
    "annotated-types>=0.6.0",
    "pydantic-core==2.33.1",
    "typing-extensions>=4.12.2",
    "typing-inspection>=0.4.0",
]
files = [
    {file = "pydantic-2.11.3-py3-none-any.whl", hash = "sha256:a082753436a07f9ba1289c6ffa01cd93db3548776088aa917cc43b63f68fa60f"},
    {file = "pydantic-2.11.3.tar.gz", hash = "sha256:7471657138c16adad9322fe3070c0116dd6c3ad8d649300e3cbdfe91f4db4ec3"},
]

[[package]]
name = "pydantic-core"
version = "2.33.1"
requires_python = ">=3.9"
summary = "Core functionality for Pydantic validation and serialization"
groups = ["default"]
dependencies = [
    "typing-extensions!=4.7.0,>=4.6.0",
]
files = [
    {file = "pydantic_core-2.33.1-cp39-cp39-macosx_10_12_x86_64.whl", hash = "sha256:5ab77f45d33d264de66e1884fca158bc920cb5e27fd0764a72f72f5756ae8bdb"},
    {file = "pydantic_core-2.33.1-cp39-cp39-macosx_11_0_arm64.whl", hash = "sha256:e7aaba1b4b03aaea7bb59e1b5856d734be011d3e6d98f5bcaa98cb30f375f2ad"},
    {file = "pydantic_core-2.33.1-cp39-cp39-manylinux_2_17_aarch64.manylinux2014_aarch64.whl", hash = "sha256:7fb66263e9ba8fea2aa85e1e5578980d127fb37d7f2e292773e7bc3a38fb0c7b"},
    {file = "pydantic_core-2.33.1-cp39-cp39-manylinux_2_17_armv7l.manylinux2014_armv7l.whl", hash = "sha256:3f2648b9262607a7fb41d782cc263b48032ff7a03a835581abbf7a3bec62bcf5"},
    {file = "pydantic_core-2.33.1-cp39-cp39-manylinux_2_17_ppc64le.manylinux2014_ppc64le.whl", hash = "sha256:723c5630c4259400818b4ad096735a829074601805d07f8cafc366d95786d331"},
    {file = "pydantic_core-2.33.1-cp39-cp39-manylinux_2_17_s390x.manylinux2014_s390x.whl", hash = "sha256:d100e3ae783d2167782391e0c1c7a20a31f55f8015f3293647544df3f9c67824"},
    {file = "pydantic_core-2.33.1-cp39-cp39-manylinux_2_17_x86_64.manylinux2014_x86_64.whl", hash = "sha256:177d50460bc976a0369920b6c744d927b0ecb8606fb56858ff542560251b19e5"},
    {file = "pydantic_core-2.33.1-cp39-cp39-manylinux_2_5_i686.manylinux1_i686.whl", hash = "sha256:a3edde68d1a1f9af1273b2fe798997b33f90308fb6d44d8550c89fc6a3647cf6"},
    {file = "pydantic_core-2.33.1-cp39-cp39-musllinux_1_1_aarch64.whl", hash = "sha256:a62c3c3ef6a7e2c45f7853b10b5bc4ddefd6ee3cd31024754a1a5842da7d598d"},
    {file = "pydantic_core-2.33.1-cp39-cp39-musllinux_1_1_armv7l.whl", hash = "sha256:c91dbb0ab683fa0cd64a6e81907c8ff41d6497c346890e26b23de7ee55353f96"},
    {file = "pydantic_core-2.33.1-cp39-cp39-musllinux_1_1_x86_64.whl", hash = "sha256:9f466e8bf0a62dc43e068c12166281c2eca72121dd2adc1040f3aa1e21ef8599"},
    {file = "pydantic_core-2.33.1-cp39-cp39-win32.whl", hash = "sha256:ab0277cedb698749caada82e5d099dc9fed3f906a30d4c382d1a21725777a1e5"},
    {file = "pydantic_core-2.33.1-cp39-cp39-win_amd64.whl", hash = "sha256:5773da0ee2d17136b1f1c6fbde543398d452a6ad2a7b54ea1033e2daa739b8d2"},
    {file = "pydantic_core-2.33.1-pp39-pypy39_pp73-macosx_10_12_x86_64.whl", hash = "sha256:7edbc454a29fc6aeae1e1eecba4f07b63b8d76e76a748532233c4c167b4cb9ea"},
    {file = "pydantic_core-2.33.1-pp39-pypy39_pp73-macosx_11_0_arm64.whl", hash = "sha256:ad05b683963f69a1d5d2c2bdab1274a31221ca737dbbceaa32bcb67359453cdd"},
    {file = "pydantic_core-2.33.1-pp39-pypy39_pp73-manylinux_2_17_aarch64.manylinux2014_aarch64.whl", hash = "sha256:df6a94bf9452c6da9b5d76ed229a5683d0306ccb91cca8e1eea883189780d568"},
    {file = "pydantic_core-2.33.1-pp39-pypy39_pp73-manylinux_2_17_x86_64.manylinux2014_x86_64.whl", hash = "sha256:7965c13b3967909a09ecc91f21d09cfc4576bf78140b988904e94f130f188396"},
    {file = "pydantic_core-2.33.1-pp39-pypy39_pp73-manylinux_2_5_i686.manylinux1_i686.whl", hash = "sha256:3f1fdb790440a34f6ecf7679e1863b825cb5ffde858a9197f851168ed08371e5"},
    {file = "pydantic_core-2.33.1-pp39-pypy39_pp73-musllinux_1_1_aarch64.whl", hash = "sha256:5277aec8d879f8d05168fdd17ae811dd313b8ff894aeeaf7cd34ad28b4d77e33"},
    {file = "pydantic_core-2.33.1-pp39-pypy39_pp73-musllinux_1_1_armv7l.whl", hash = "sha256:8ab581d3530611897d863d1a649fb0644b860286b4718db919bfd51ece41f10b"},
    {file = "pydantic_core-2.33.1-pp39-pypy39_pp73-musllinux_1_1_x86_64.whl", hash = "sha256:0483847fa9ad5e3412265c1bd72aad35235512d9ce9d27d81a56d935ef489672"},
    {file = "pydantic_core-2.33.1-pp39-pypy39_pp73-win_amd64.whl", hash = "sha256:de9e06abe3cc5ec6a2d5f75bc99b0bdca4f5c719a5b34026f8c57efbdecd2ee3"},
    {file = "pydantic_core-2.33.1.tar.gz", hash = "sha256:bcc9c6fdb0ced789245b02b7d6603e17d1563064ddcfc36f046b61c0c05dd9df"},
]

[[package]]
name = "python-dateutil"
version = "2.9.0.post0"
requires_python = "!=3.0.*,!=3.1.*,!=3.2.*,>=2.7"
summary = "Extensions to the standard Python datetime module"
groups = ["default"]
dependencies = [
    "six>=1.5",
]
files = [
    {file = "python-dateutil-2.9.0.post0.tar.gz", hash = "sha256:37dd54208da7e1cd875388217d5e00ebd4179249f90fb72437e91a35459a0ad3"},
    {file = "python_dateutil-2.9.0.post0-py2.py3-none-any.whl", hash = "sha256:a8b2bc7bffae282281c8140a97d3aa9c14da0b136dfe83f850eea9a5f7470427"},
]

[[package]]
name = "python-dotenv"
version = "1.1.0"
requires_python = ">=3.9"
summary = "Read key-value pairs from a .env file and set them as environment variables"
groups = ["default"]
files = [
    {file = "python_dotenv-1.1.0-py3-none-any.whl", hash = "sha256:d7c01d9e2293916c18baf562d95698754b0dbbb5e74d457c45d4f6561fb9d55d"},
    {file = "python_dotenv-1.1.0.tar.gz", hash = "sha256:41f90bc6f5f177fb41f53e87666db362025010eb28f60a01c9143bfa33a2b2d5"},
]

[[package]]
name = "s3transfer"
version = "0.11.4"
requires_python = ">=3.8"
summary = "An Amazon S3 Transfer Manager"
groups = ["default"]
dependencies = [
    "botocore<2.0a.0,>=1.37.4",
]
files = [
    {file = "s3transfer-0.11.4-py3-none-any.whl", hash = "sha256:ac265fa68318763a03bf2dc4f39d5cbd6a9e178d81cc9483ad27da33637e320d"},
    {file = "s3transfer-0.11.4.tar.gz", hash = "sha256:559f161658e1cf0a911f45940552c696735f5c74e64362e515f333ebed87d679"},
]

[[package]]
name = "singledispatch"
version = "4.1.1"
requires_python = ">=3.9"
summary = "Backport functools.singledispatch to older Pythons."
groups = ["default"]
files = [
    {file = "singledispatch-4.1.1-py3-none-any.whl", hash = "sha256:43cb2faed6140af6c43f95c1621f750591d2ec2017005ca330691683e495e863"},
    {file = "singledispatch-4.1.1.tar.gz", hash = "sha256:f200caabe9ddf6e3072332f51ebd4e6780bec24fc265291fae9298af07705ce8"},
]

[[package]]
name = "six"
version = "1.17.0"
requires_python = "!=3.0.*,!=3.1.*,!=3.2.*,>=2.7"
summary = "Python 2 and 3 compatibility utilities"
groups = ["default"]
files = [
    {file = "six-1.17.0-py2.py3-none-any.whl", hash = "sha256:4721f391ed90541fddacab5acf947aa0d3dc7d27b2e1e8eda2be8970586c3274"},
    {file = "six-1.17.0.tar.gz", hash = "sha256:ff70335d468e7eb6ec65b95b99d3a2836546063f63acc5171de367e834932a81"},
]

[[package]]
name = "sniffio"
version = "1.3.1"
requires_python = ">=3.7"
summary = "Sniff out which async library your code is running under"
groups = ["default"]
files = [
    {file = "sniffio-1.3.1-py3-none-any.whl", hash = "sha256:2f6da418d1f1e0fddd844478f41680e794e6051915791a034ff65e5f100525a2"},
    {file = "sniffio-1.3.1.tar.gz", hash = "sha256:f4324edc670a0f49750a81b895f35c3adb843cca46f0530f79fc1babb23789dc"},
]

[[package]]
name = "sqlalchemy"
version = "2.0.40"
requires_python = ">=3.7"
summary = "Database Abstraction Library"
groups = ["default"]
dependencies = [
    "greenlet>=1; (platform_machine == \"win32\" or platform_machine == \"WIN32\" or platform_machine == \"AMD64\" or platform_machine == \"amd64\" or platform_machine == \"x86_64\" or platform_machine == \"ppc64le\" or platform_machine == \"aarch64\") and python_version < \"3.14\"",
    "importlib-metadata; python_version < \"3.8\"",
    "typing-extensions>=4.6.0",
]
files = [
    {file = "sqlalchemy-2.0.40-cp39-cp39-macosx_10_9_x86_64.whl", hash = "sha256:c884de19528e0fcd9dc34ee94c810581dd6e74aef75437ff17e696c2bfefae3e"},
    {file = "sqlalchemy-2.0.40-cp39-cp39-macosx_11_0_arm64.whl", hash = "sha256:1abb387710283fc5983d8a1209d9696a4eae9db8d7ac94b402981fe2fe2e39ad"},
    {file = "sqlalchemy-2.0.40-cp39-cp39-manylinux_2_17_aarch64.manylinux2014_aarch64.whl", hash = "sha256:5cfa124eda500ba4b0d3afc3e91ea27ed4754e727c7f025f293a22f512bcd4c9"},
    {file = "sqlalchemy-2.0.40-cp39-cp39-manylinux_2_17_x86_64.manylinux2014_x86_64.whl", hash = "sha256:8b6b28d303b9d57c17a5164eb1fd2d5119bb6ff4413d5894e74873280483eeb5"},
    {file = "sqlalchemy-2.0.40-cp39-cp39-musllinux_1_2_aarch64.whl", hash = "sha256:b5a5bbe29c10c5bfd63893747a1bf6f8049df607638c786252cb9243b86b6706"},
    {file = "sqlalchemy-2.0.40-cp39-cp39-musllinux_1_2_x86_64.whl", hash = "sha256:f0fda83e113bb0fb27dc003685f32a5dcb99c9c4f41f4fa0838ac35265c23b5c"},
    {file = "sqlalchemy-2.0.40-cp39-cp39-win32.whl", hash = "sha256:957f8d85d5e834397ef78a6109550aeb0d27a53b5032f7a57f2451e1adc37e98"},
    {file = "sqlalchemy-2.0.40-cp39-cp39-win_amd64.whl", hash = "sha256:1ffdf9c91428e59744f8e6f98190516f8e1d05eec90e936eb08b257332c5e870"},
    {file = "sqlalchemy-2.0.40-py3-none-any.whl", hash = "sha256:32587e2e1e359276957e6fe5dad089758bc042a971a8a09ae8ecf7a8fe23d07a"},
    {file = "sqlalchemy-2.0.40.tar.gz", hash = "sha256:d827099289c64589418ebbcaead0145cd19f4e3e8a93919a0100247af245fa00"},
]

[[package]]
name = "starlette"
version = "0.46.1"
requires_python = ">=3.9"
summary = "The little ASGI library that shines."
groups = ["default"]
dependencies = [
    "anyio<5,>=3.6.2",
    "typing-extensions>=3.10.0; python_version < \"3.10\"",
]
files = [
    {file = "starlette-0.46.1-py3-none-any.whl", hash = "sha256:77c74ed9d2720138b25875133f3a2dae6d854af2ec37dceb56aef370c1d8a227"},
    {file = "starlette-0.46.1.tar.gz", hash = "sha256:3c88d58ee4bd1bb807c0d1acb381838afc7752f9ddaec81bbe4383611d833230"},
]

[[package]]
name = "starlette-graphene3"
version = "0.6.0"
requires_python = ">=3.7,<4.0"
summary = "Use Graphene v3 on Starlette"
groups = ["default"]
dependencies = [
    "graphene>=3.0b6",
    "graphql-core<3.3,>=3.1",
    "starlette>=0.14.1",
]
files = [
    {file = "starlette-graphene3-0.6.0.tar.gz", hash = "sha256:cbe4ca397b24013d5b3161dd4144e9b3e836af0ef01a625bb6113946fc7d36d9"},
    {file = "starlette_graphene3-0.6.0-py3-none-any.whl", hash = "sha256:193ff6e0900a3259ccf76b534cd84eaa2feefcaf92652b3b0f54fc784c80ce14"},
]

[[package]]
name = "types-awscrt"
version = "0.26.1"
requires_python = ">=3.8"
summary = "Type annotations and code completion for awscrt"
groups = ["default"]
files = [
    {file = "types_awscrt-0.26.1-py3-none-any.whl", hash = "sha256:176d320a26990efc057d4bf71396e05be027c142252ac48cc0d87aaea0704280"},
    {file = "types_awscrt-0.26.1.tar.gz", hash = "sha256:aca96f889b3745c0e74f42f08f277fed3bf6e9baa2cf9b06a36f78d77720e504"},
]

[[package]]
name = "types-s3transfer"
version = "0.11.4"
requires_python = ">=3.8"
summary = "Type annotations and code completion for s3transfer"
groups = ["default"]
files = [
    {file = "types_s3transfer-0.11.4-py3-none-any.whl", hash = "sha256:2a76d92c07d4a3cb469e5343b2e7560e0b8078b2e03696a65407b8c44c861b61"},
    {file = "types_s3transfer-0.11.4.tar.gz", hash = "sha256:05fde593c84270f19fd053f0b1e08f5a057d7c5f036b9884e68fb8cd3041ac30"},
]

[[package]]
name = "typing-extensions"
version = "4.13.1"
requires_python = ">=3.8"
summary = "Backported and Experimental Type Hints for Python 3.8+"
groups = ["default"]
files = [
    {file = "typing_extensions-4.13.1-py3-none-any.whl", hash = "sha256:4b6cf02909eb5495cfbc3f6e8fd49217e6cc7944e145cdda8caa3734777f9e69"},
    {file = "typing_extensions-4.13.1.tar.gz", hash = "sha256:98795af00fb9640edec5b8e31fc647597b4691f099ad75f469a2616be1a76dff"},
]

[[package]]
name = "typing-inspection"
version = "0.4.0"
requires_python = ">=3.9"
summary = "Runtime typing introspection tools"
groups = ["default"]
dependencies = [
    "typing-extensions>=4.12.0",
]
files = [
    {file = "typing_inspection-0.4.0-py3-none-any.whl", hash = "sha256:50e72559fcd2a6367a19f7a7e610e6afcb9fac940c650290eed893d61386832f"},
    {file = "typing_inspection-0.4.0.tar.gz", hash = "sha256:9765c87de36671694a67904bf2c96e395be9c6439bb6c87b5142569dcdd65122"},
]

[[package]]
name = "urllib3"
version = "1.26.20"
requires_python = "!=3.0.*,!=3.1.*,!=3.2.*,!=3.3.*,!=3.4.*,!=3.5.*,>=2.7"
summary = "HTTP library with thread-safe connection pooling, file post, and more."
groups = ["default"]
marker = "python_version < \"3.10\""
files = [
    {file = "urllib3-1.26.20-py2.py3-none-any.whl", hash = "sha256:0ed14ccfbf1c30a9072c7ca157e4319b70d65f623e91e7b32fadb2853431016e"},
    {file = "urllib3-1.26.20.tar.gz", hash = "sha256:40c2dc0c681e47eb8f90e7e27bf6ff7df2e677421fd46756da1161c39ca70d32"},
]

[[package]]
name = "uvicorn"
version = "0.34.0"
requires_python = ">=3.9"
summary = "The lightning-fast ASGI server."
groups = ["default"]
dependencies = [
    "click>=7.0",
    "h11>=0.8",
    "typing-extensions>=4.0; python_version < \"3.11\"",
]
files = [
    {file = "uvicorn-0.34.0-py3-none-any.whl", hash = "sha256:023dc038422502fa28a09c7a30bf2b6991512da7dcdb8fd35fe57cfc154126f4"},
    {file = "uvicorn-0.34.0.tar.gz", hash = "sha256:404051050cd7e905de2c9a7e61790943440b3416f49cb409f965d9dcd0fa73e9"},
]
